// !$*UTF8*$!
{
	archiveVersion = 1;
	classes = {
	};
	objectVersion = 55;
	objects = {

/* Begin PBXBuildFile section */
		AD4DFCB82899999C0038FE51 /* AppDelegate.swift in Sources */ = {isa = PBXBuildFile; fileRef = AD4DFCB72899999C0038FE51 /* AppDelegate.swift */; };
		AD4DFCBA2899999C0038FE51 /* SceneDelegate.swift in Sources */ = {isa = PBXBuildFile; fileRef = AD4DFCB92899999C0038FE51 /* SceneDelegate.swift */; };
		AD4DFCBC2899999C0038FE51 /* ViewController.swift in Sources */ = {isa = PBXBuildFile; fileRef = AD4DFCBB2899999C0038FE51 /* ViewController.swift */; };
		AD4DFCBF2899999C0038FE51 /* Main.storyboard in Resources */ = {isa = PBXBuildFile; fileRef = AD4DFCBD2899999C0038FE51 /* Main.storyboard */; };
		AD4DFCC12899999E0038FE51 /* Assets.xcassets in Resources */ = {isa = PBXBuildFile; fileRef = AD4DFCC02899999E0038FE51 /* Assets.xcassets */; };
		AD4DFCC42899999E0038FE51 /* LaunchScreen.storyboard in Resources */ = {isa = PBXBuildFile; fileRef = AD4DFCC22899999E0038FE51 /* LaunchScreen.storyboard */; };
		AD4DFCCC289A85260038FE51 /* QuizVC.swift in Sources */ = {isa = PBXBuildFile; fileRef = AD4DFCCB289A85260038FE51 /* QuizVC.swift */; };
		AD4DFCCE289A854A0038FE51 /* ResultVC.swift in Sources */ = {isa = PBXBuildFile; fileRef = AD4DFCCD289A854A0038FE51 /* ResultVC.swift */; };
		AD773117289AB70A00D6BF10 /* FMDatabase.m in Sources */ = {isa = PBXBuildFile; fileRef = AD77310D289AB70A00D6BF10 /* FMDatabase.m */; };
		AD773118289AB70A00D6BF10 /* FMResultSet.m in Sources */ = {isa = PBXBuildFile; fileRef = AD77310F289AB70A00D6BF10 /* FMResultSet.m */; };
		AD773119289AB70A00D6BF10 /* FMDatabasePool.m in Sources */ = {isa = PBXBuildFile; fileRef = AD773110289AB70A00D6BF10 /* FMDatabasePool.m */; };
		AD77311A289AB70A00D6BF10 /* FMDatabaseAdditions.m in Sources */ = {isa = PBXBuildFile; fileRef = AD773115289AB70A00D6BF10 /* FMDatabaseAdditions.m */; };
		AD77311B289AB70A00D6BF10 /* FMDatabaseQueue.m in Sources */ = {isa = PBXBuildFile; fileRef = AD773116289AB70A00D6BF10 /* FMDatabaseQueue.m */; };
		AD77311E289AB73D00D6BF10 /* FlagsDataBase.db in Resources */ = {isa = PBXBuildFile; fileRef = AD77311D289AB73D00D6BF10 /* FlagsDataBase.db */; };
		AD773121289AB75600D6BF10 /* libsqlite3.tbd in Frameworks */ = {isa = PBXBuildFile; fileRef = AD773120289AB74E00D6BF10 /* libsqlite3.tbd */; };
		AD773123289ABBD900D6BF10 /* Flags.swift in Sources */ = {isa = PBXBuildFile; fileRef = AD773122289ABBD900D6BF10 /* Flags.swift */; };
		AD773125289ABCEF00D6BF10 /* FlagsDao.swift in Sources */ = {isa = PBXBuildFile; fileRef = AD773124289ABCEF00D6BF10 /* FlagsDao.swift */; };
/* End PBXBuildFile section */

/* Begin PBXFileReference section */
		AD4DFCB42899999C0038FE51 /* BayrakBul.app */ = {isa = PBXFileReference; explicitFileType = wrapper.application; includeInIndex = 0; path = BayrakBul.app; sourceTree = BUILT_PRODUCTS_DIR; };
		AD4DFCB72899999C0038FE51 /* AppDelegate.swift */ = {isa = PBXFileReference; lastKnownFileType = sourcecode.swift; path = AppDelegate.swift; sourceTree = "<group>"; };
		AD4DFCB92899999C0038FE51 /* SceneDelegate.swift */ = {isa = PBXFileReference; lastKnownFileType = sourcecode.swift; path = SceneDelegate.swift; sourceTree = "<group>"; };
		AD4DFCBB2899999C0038FE51 /* ViewController.swift */ = {isa = PBXFileReference; lastKnownFileType = sourcecode.swift; path = ViewController.swift; sourceTree = "<group>"; };
		AD4DFCBE2899999C0038FE51 /* Base */ = {isa = PBXFileReference; lastKnownFileType = file.storyboard; name = Base; path = Base.lproj/Main.storyboard; sourceTree = "<group>"; };
		AD4DFCC02899999E0038FE51 /* Assets.xcassets */ = {isa = PBXFileReference; lastKnownFileType = folder.assetcatalog; path = Assets.xcassets; sourceTree = "<group>"; };
		AD4DFCC32899999E0038FE51 /* Base */ = {isa = PBXFileReference; lastKnownFileType = file.storyboard; name = Base; path = Base.lproj/LaunchScreen.storyboard; sourceTree = "<group>"; };
		AD4DFCC52899999E0038FE51 /* Info.plist */ = {isa = PBXFileReference; lastKnownFileType = text.plist.xml; path = Info.plist; sourceTree = "<group>"; };
		AD4DFCCB289A85260038FE51 /* QuizVC.swift */ = {isa = PBXFileReference; lastKnownFileType = sourcecode.swift; path = QuizVC.swift; sourceTree = "<group>"; };
		AD4DFCCD289A854A0038FE51 /* ResultVC.swift */ = {isa = PBXFileReference; lastKnownFileType = sourcecode.swift; path = ResultVC.swift; sourceTree = "<group>"; };
		AD77310B289AB70900D6BF10 /* BayrakBul-Bridging-Header.h */ = {isa = PBXFileReference; lastKnownFileType = sourcecode.c.h; path = "BayrakBul-Bridging-Header.h"; sourceTree = "<group>"; };
		AD77310C289AB70A00D6BF10 /* FMDatabaseAdditions.h */ = {isa = PBXFileReference; fileEncoding = 4; lastKnownFileType = sourcecode.c.h; path = FMDatabaseAdditions.h; sourceTree = "<group>"; };
		AD77310D289AB70A00D6BF10 /* FMDatabase.m */ = {isa = PBXFileReference; fileEncoding = 4; lastKnownFileType = sourcecode.c.objc; path = FMDatabase.m; sourceTree = "<group>"; };
		AD77310E289AB70A00D6BF10 /* FMDB.h */ = {isa = PBXFileReference; fileEncoding = 4; lastKnownFileType = sourcecode.c.h; path = FMDB.h; sourceTree = "<group>"; };
		AD77310F289AB70A00D6BF10 /* FMResultSet.m */ = {isa = PBXFileReference; fileEncoding = 4; lastKnownFileType = sourcecode.c.objc; path = FMResultSet.m; sourceTree = "<group>"; };
		AD773110289AB70A00D6BF10 /* FMDatabasePool.m */ = {isa = PBXFileReference; fileEncoding = 4; lastKnownFileType = sourcecode.c.objc; path = FMDatabasePool.m; sourceTree = "<group>"; };
		AD773111289AB70A00D6BF10 /* FMResultSet.h */ = {isa = PBXFileReference; fileEncoding = 4; lastKnownFileType = sourcecode.c.h; path = FMResultSet.h; sourceTree = "<group>"; };
		AD773112289AB70A00D6BF10 /* FMDatabaseQueue.h */ = {isa = PBXFileReference; fileEncoding = 4; lastKnownFileType = sourcecode.c.h; path = FMDatabaseQueue.h; sourceTree = "<group>"; };
		AD773113289AB70A00D6BF10 /* FMDatabasePool.h */ = {isa = PBXFileReference; fileEncoding = 4; lastKnownFileType = sourcecode.c.h; path = FMDatabasePool.h; sourceTree = "<group>"; };
		AD773114289AB70A00D6BF10 /* FMDatabase.h */ = {isa = PBXFileReference; fileEncoding = 4; lastKnownFileType = sourcecode.c.h; path = FMDatabase.h; sourceTree = "<group>"; };
		AD773115289AB70A00D6BF10 /* FMDatabaseAdditions.m */ = {isa = PBXFileReference; fileEncoding = 4; lastKnownFileType = sourcecode.c.objc; path = FMDatabaseAdditions.m; sourceTree = "<group>"; };
		AD773116289AB70A00D6BF10 /* FMDatabaseQueue.m */ = {isa = PBXFileReference; fileEncoding = 4; lastKnownFileType = sourcecode.c.objc; path = FMDatabaseQueue.m; sourceTree = "<group>"; };
		AD77311D289AB73D00D6BF10 /* FlagsDataBase.db */ = {isa = PBXFileReference; lastKnownFileType = file; path = FlagsDataBase.db; sourceTree = "<group>"; };
		AD773120289AB74E00D6BF10 /* libsqlite3.tbd */ = {isa = PBXFileReference; lastKnownFileType = "sourcecode.text-based-dylib-definition"; name = libsqlite3.tbd; path = usr/lib/libsqlite3.tbd; sourceTree = SDKROOT; };
		AD773122289ABBD900D6BF10 /* Flags.swift */ = {isa = PBXFileReference; lastKnownFileType = sourcecode.swift; path = Flags.swift; sourceTree = "<group>"; };
		AD773124289ABCEF00D6BF10 /* FlagsDao.swift */ = {isa = PBXFileReference; lastKnownFileType = sourcecode.swift; path = FlagsDao.swift; sourceTree = "<group>"; };
/* End PBXFileReference section */

/* Begin PBXFrameworksBuildPhase section */
		AD4DFCB12899999C0038FE51 /* Frameworks */ = {
			isa = PBXFrameworksBuildPhase;
			buildActionMask = 2147483647;
			files = (
				AD773121289AB75600D6BF10 /* libsqlite3.tbd in Frameworks */,
			);
			runOnlyForDeploymentPostprocessing = 0;
		};
/* End PBXFrameworksBuildPhase section */

/* Begin PBXGroup section */
		AD4DFCAB2899999C0038FE51 = {
			isa = PBXGroup;
			children = (
				AD4DFCB62899999C0038FE51 /* BayrakBul */,
				AD4DFCB52899999C0038FE51 /* Products */,
				AD77311F289AB74E00D6BF10 /* Frameworks */,
			);
			sourceTree = "<group>";
		};
		AD4DFCB52899999C0038FE51 /* Products */ = {
			isa = PBXGroup;
			children = (
				AD4DFCB42899999C0038FE51 /* BayrakBul.app */,
			);
			name = Products;
			sourceTree = "<group>";
		};
		AD4DFCB62899999C0038FE51 /* BayrakBul */ = {
			isa = PBXGroup;
			children = (
				AD77311D289AB73D00D6BF10 /* FlagsDataBase.db */,
				AD773126289AC66000D6BF10 /* FMDB */,
				AD4DFCB72899999C0038FE51 /* AppDelegate.swift */,
				AD4DFCB92899999C0038FE51 /* SceneDelegate.swift */,
				AD4DFCBB2899999C0038FE51 /* ViewController.swift */,
				AD4DFCCB289A85260038FE51 /* QuizVC.swift */,
				AD4DFCCD289A854A0038FE51 /* ResultVC.swift */,
				AD4DFCBD2899999C0038FE51 /* Main.storyboard */,
				AD773122289ABBD900D6BF10 /* Flags.swift */,
				AD773124289ABCEF00D6BF10 /* FlagsDao.swift */,
				AD4DFCC02899999E0038FE51 /* Assets.xcassets */,
				AD4DFCC22899999E0038FE51 /* LaunchScreen.storyboard */,
				AD4DFCC52899999E0038FE51 /* Info.plist */,
				AD77310B289AB70900D6BF10 /* BayrakBul-Bridging-Header.h */,
			);
			path = BayrakBul;
			sourceTree = "<group>";
		};
		AD77311F289AB74E00D6BF10 /* Frameworks */ = {
			isa = PBXGroup;
			children = (
				AD773120289AB74E00D6BF10 /* libsqlite3.tbd */,
			);
			name = Frameworks;
			sourceTree = "<group>";
		};
		AD773126289AC66000D6BF10 /* FMDB */ = {
			isa = PBXGroup;
			children = (
				AD773114289AB70A00D6BF10 /* FMDatabase.h */,
				AD77310D289AB70A00D6BF10 /* FMDatabase.m */,
				AD77310C289AB70A00D6BF10 /* FMDatabaseAdditions.h */,
				AD773115289AB70A00D6BF10 /* FMDatabaseAdditions.m */,
				AD773113289AB70A00D6BF10 /* FMDatabasePool.h */,
				AD773110289AB70A00D6BF10 /* FMDatabasePool.m */,
				AD773112289AB70A00D6BF10 /* FMDatabaseQueue.h */,
				AD773116289AB70A00D6BF10 /* FMDatabaseQueue.m */,
				AD77310E289AB70A00D6BF10 /* FMDB.h */,
				AD773111289AB70A00D6BF10 /* FMResultSet.h */,
				AD77310F289AB70A00D6BF10 /* FMResultSet.m */,
			);
			path = FMDB;
			sourceTree = "<group>";
		};
/* End PBXGroup section */

/* Begin PBXNativeTarget section */
		AD4DFCB32899999C0038FE51 /* BayrakBul */ = {
			isa = PBXNativeTarget;
			buildConfigurationList = AD4DFCC82899999E0038FE51 /* Build configuration list for PBXNativeTarget "BayrakBul" */;
			buildPhases = (
				AD4DFCB02899999C0038FE51 /* Sources */,
				AD4DFCB12899999C0038FE51 /* Frameworks */,
				AD4DFCB22899999C0038FE51 /* Resources */,
			);
			buildRules = (
			);
			dependencies = (
			);
			name = BayrakBul;
			productName = BayrakBul;
			productReference = AD4DFCB42899999C0038FE51 /* BayrakBul.app */;
			productType = "com.apple.product-type.application";
		};
/* End PBXNativeTarget section */

/* Begin PBXProject section */
		AD4DFCAC2899999C0038FE51 /* Project object */ = {
			isa = PBXProject;
			attributes = {
				BuildIndependentTargetsInParallel = 1;
				LastSwiftUpdateCheck = 1340;
				LastUpgradeCheck = 1340;
				TargetAttributes = {
					AD4DFCB32899999C0038FE51 = {
						CreatedOnToolsVersion = 13.4.1;
						LastSwiftMigration = 1340;
					};
				};
			};
			buildConfigurationList = AD4DFCAF2899999C0038FE51 /* Build configuration list for PBXProject "BayrakBul" */;
			compatibilityVersion = "Xcode 13.0";
			developmentRegion = en;
			hasScannedForEncodings = 0;
			knownRegions = (
				en,
				Base,
			);
			mainGroup = AD4DFCAB2899999C0038FE51;
			productRefGroup = AD4DFCB52899999C0038FE51 /* Products */;
			projectDirPath = "";
			projectRoot = "";
			targets = (
				AD4DFCB32899999C0038FE51 /* BayrakBul */,
			);
		};
/* End PBXProject section */

/* Begin PBXResourcesBuildPhase section */
		AD4DFCB22899999C0038FE51 /* Resources */ = {
			isa = PBXResourcesBuildPhase;
			buildActionMask = 2147483647;
			files = (
				AD4DFCC42899999E0038FE51 /* LaunchScreen.storyboard in Resources */,
				AD4DFCC12899999E0038FE51 /* Assets.xcassets in Resources */,
				AD77311E289AB73D00D6BF10 /* FlagsDataBase.db in Resources */,
				AD4DFCBF2899999C0038FE51 /* Main.storyboard in Resources */,
			);
			runOnlyForDeploymentPostprocessing = 0;
		};
/* End PBXResourcesBuildPhase section */

/* Begin PBXSourcesBuildPhase section */
		AD4DFCB02899999C0038FE51 /* Sources */ = {
			isa = PBXSourcesBuildPhase;
			buildActionMask = 2147483647;
			files = (
				AD4DFCCE289A854A0038FE51 /* ResultVC.swift in Sources */,
				AD4DFCBC2899999C0038FE51 /* ViewController.swift in Sources */,
				AD773118289AB70A00D6BF10 /* FMResultSet.m in Sources */,
				AD4DFCCC289A85260038FE51 /* QuizVC.swift in Sources */,
				AD773123289ABBD900D6BF10 /* Flags.swift in Sources */,
				AD773117289AB70A00D6BF10 /* FMDatabase.m in Sources */,
				AD773125289ABCEF00D6BF10 /* FlagsDao.swift in Sources */,
				AD77311B289AB70A00D6BF10 /* FMDatabaseQueue.m in Sources */,
				AD77311A289AB70A00D6BF10 /* FMDatabaseAdditions.m in Sources */,
				AD773119289AB70A00D6BF10 /* FMDatabasePool.m in Sources */,
				AD4DFCB82899999C0038FE51 /* AppDelegate.swift in Sources */,
				AD4DFCBA2899999C0038FE51 /* SceneDelegate.swift in Sources */,
			);
			runOnlyForDeploymentPostprocessing = 0;
		};
/* End PBXSourcesBuildPhase section */

/* Begin PBXVariantGroup section */
		AD4DFCBD2899999C0038FE51 /* Main.storyboard */ = {
			isa = PBXVariantGroup;
			children = (
				AD4DFCBE2899999C0038FE51 /* Base */,
			);
			name = Main.storyboard;
			sourceTree = "<group>";
		};
		AD4DFCC22899999E0038FE51 /* LaunchScreen.storyboard */ = {
			isa = PBXVariantGroup;
			children = (
				AD4DFCC32899999E0038FE51 /* Base */,
			);
			name = LaunchScreen.storyboard;
			sourceTree = "<group>";
		};
/* End PBXVariantGroup section */

/* Begin XCBuildConfiguration section */
		AD4DFCC62899999E0038FE51 /* Debug */ = {
			isa = XCBuildConfiguration;
			buildSettings = {
				ALWAYS_SEARCH_USER_PATHS = NO;
				CLANG_ANALYZER_NONNULL = YES;
				CLANG_ANALYZER_NUMBER_OBJECT_CONVERSION = YES_AGGRESSIVE;
				CLANG_CXX_LANGUAGE_STANDARD = "gnu++17";
				CLANG_ENABLE_MODULES = YES;
				CLANG_ENABLE_OBJC_ARC = YES;
				CLANG_ENABLE_OBJC_WEAK = YES;
				CLANG_WARN_BLOCK_CAPTURE_AUTORELEASING = YES;
				CLANG_WARN_BOOL_CONVERSION = YES;
				CLANG_WARN_COMMA = YES;
				CLANG_WARN_CONSTANT_CONVERSION = YES;
				CLANG_WARN_DEPRECATED_OBJC_IMPLEMENTATIONS = YES;
				CLANG_WARN_DIRECT_OBJC_ISA_USAGE = YES_ERROR;
				CLANG_WARN_DOCUMENTATION_COMMENTS = YES;
				CLANG_WARN_EMPTY_BODY = YES;
				CLANG_WARN_ENUM_CONVERSION = YES;
				CLANG_WARN_INFINITE_RECURSION = YES;
				CLANG_WARN_INT_CONVERSION = YES;
				CLANG_WARN_NON_LITERAL_NULL_CONVERSION = YES;
				CLANG_WARN_OBJC_IMPLICIT_RETAIN_SELF = YES;
				CLANG_WARN_OBJC_LITERAL_CONVERSION = YES;
				CLANG_WARN_OBJC_ROOT_CLASS = YES_ERROR;
				CLANG_WARN_QUOTED_INCLUDE_IN_FRAMEWORK_HEADER = YES;
				CLANG_WARN_RANGE_LOOP_ANALYSIS = YES;
				CLANG_WARN_STRICT_PROTOTYPES = YES;
				CLANG_WARN_SUSPICIOUS_MOVE = YES;
				CLANG_WARN_UNGUARDED_AVAILABILITY = YES_AGGRESSIVE;
				CLANG_WARN_UNREACHABLE_CODE = YES;
				CLANG_WARN__DUPLICATE_METHOD_MATCH = YES;
				COPY_PHASE_STRIP = NO;
				DEBUG_INFORMATION_FORMAT = dwarf;
				ENABLE_STRICT_OBJC_MSGSEND = YES;
				ENABLE_TESTABILITY = YES;
				GCC_C_LANGUAGE_STANDARD = gnu11;
				GCC_DYNAMIC_NO_PIC = NO;
				GCC_NO_COMMON_BLOCKS = YES;
				GCC_OPTIMIZATION_LEVEL = 0;
				GCC_PREPROCESSOR_DEFINITIONS = (
					"DEBUG=1",
					"$(inherited)",
				);
				GCC_WARN_64_TO_32_BIT_CONVERSION = YES;
				GCC_WARN_ABOUT_RETURN_TYPE = YES_ERROR;
				GCC_WARN_UNDECLARED_SELECTOR = YES;
				GCC_WARN_UNINITIALIZED_AUTOS = YES_AGGRESSIVE;
				GCC_WARN_UNUSED_FUNCTION = YES;
				GCC_WARN_UNUSED_VARIABLE = YES;
				IPHONEOS_DEPLOYMENT_TARGET = 15.5;
				MTL_ENABLE_DEBUG_INFO = INCLUDE_SOURCE;
				MTL_FAST_MATH = YES;
				ONLY_ACTIVE_ARCH = YES;
				SDKROOT = iphoneos;
				SWIFT_ACTIVE_COMPILATION_CONDITIONS = DEBUG;
				SWIFT_OPTIMIZATION_LEVEL = "-Onone";
			};
			name = Debug;
		};
		AD4DFCC72899999E0038FE51 /* Release */ = {
			isa = XCBuildConfiguration;
			buildSettings = {
				ALWAYS_SEARCH_USER_PATHS = NO;
				CLANG_ANALYZER_NONNULL = YES;
				CLANG_ANALYZER_NUMBER_OBJECT_CONVERSION = YES_AGGRESSIVE;
				CLANG_CXX_LANGUAGE_STANDARD = "gnu++17";
				CLANG_ENABLE_MODULES = YES;
				CLANG_ENABLE_OBJC_ARC = YES;
				CLANG_ENABLE_OBJC_WEAK = YES;
				CLANG_WARN_BLOCK_CAPTURE_AUTORELEASING = YES;
				CLANG_WARN_BOOL_CONVERSION = YES;
				CLANG_WARN_COMMA = YES;
				CLANG_WARN_CONSTANT_CONVERSION = YES;
				CLANG_WARN_DEPRECATED_OBJC_IMPLEMENTATIONS = YES;
				CLANG_WARN_DIRECT_OBJC_ISA_USAGE = YES_ERROR;
				CLANG_WARN_DOCUMENTATION_COMMENTS = YES;
				CLANG_WARN_EMPTY_BODY = YES;
				CLANG_WARN_ENUM_CONVERSION = YES;
				CLANG_WARN_INFINITE_RECURSION = YES;
				CLANG_WARN_INT_CONVERSION = YES;
				CLANG_WARN_NON_LITERAL_NULL_CONVERSION = YES;
				CLANG_WARN_OBJC_IMPLICIT_RETAIN_SELF = YES;
				CLANG_WARN_OBJC_LITERAL_CONVERSION = YES;
				CLANG_WARN_OBJC_ROOT_CLASS = YES_ERROR;
				CLANG_WARN_QUOTED_INCLUDE_IN_FRAMEWORK_HEADER = YES;
				CLANG_WARN_RANGE_LOOP_ANALYSIS = YES;
				CLANG_WARN_STRICT_PROTOTYPES = YES;
				CLANG_WARN_SUSPICIOUS_MOVE = YES;
				CLANG_WARN_UNGUARDED_AVAILABILITY = YES_AGGRESSIVE;
				CLANG_WARN_UNREACHABLE_CODE = YES;
				CLANG_WARN__DUPLICATE_METHOD_MATCH = YES;
				COPY_PHASE_STRIP = NO;
				DEBUG_INFORMATION_FORMAT = "dwarf-with-dsym";
				ENABLE_NS_ASSERTIONS = NO;
				ENABLE_STRICT_OBJC_MSGSEND = YES;
				GCC_C_LANGUAGE_STANDARD = gnu11;
				GCC_NO_COMMON_BLOCKS = YES;
				GCC_WARN_64_TO_32_BIT_CONVERSION = YES;
				GCC_WARN_ABOUT_RETURN_TYPE = YES_ERROR;
				GCC_WARN_UNDECLARED_SELECTOR = YES;
				GCC_WARN_UNINITIALIZED_AUTOS = YES_AGGRESSIVE;
				GCC_WARN_UNUSED_FUNCTION = YES;
				GCC_WARN_UNUSED_VARIABLE = YES;
				IPHONEOS_DEPLOYMENT_TARGET = 15.5;
				MTL_ENABLE_DEBUG_INFO = NO;
				MTL_FAST_MATH = YES;
				SDKROOT = iphoneos;
				SWIFT_COMPILATION_MODE = wholemodule;
				SWIFT_OPTIMIZATION_LEVEL = "-O";
				VALIDATE_PRODUCT = YES;
			};
			name = Release;
		};
		AD4DFCC92899999E0038FE51 /* Debug */ = {
			isa = XCBuildConfiguration;
			buildSettings = {
				ASSETCATALOG_COMPILER_APPICON_NAME = AppIcon;
				ASSETCATALOG_COMPILER_GLOBAL_ACCENT_COLOR_NAME = AccentColor;
				CLANG_ENABLE_MODULES = YES;
				CODE_SIGN_STYLE = Automatic;
				CURRENT_PROJECT_VERSION = 1;
				DEVELOPMENT_TEAM = FN4UH9Z6XK;
				GENERATE_INFOPLIST_FILE = YES;
				INFOPLIST_FILE = BayrakBul/Info.plist;
				INFOPLIST_KEY_UIApplicationSupportsIndirectInputEvents = YES;
				INFOPLIST_KEY_UILaunchStoryboardName = LaunchScreen;
				INFOPLIST_KEY_UIMainStoryboardFile = Main;
				INFOPLIST_KEY_UISupportedInterfaceOrientations = UIInterfaceOrientationPortrait;
				INFOPLIST_KEY_UISupportedInterfaceOrientations_iPad = "UIInterfaceOrientationPortrait UIInterfaceOrientationPortraitUpsideDown UIInterfaceOrientationLandscapeLeft UIInterfaceOrientationLandscapeRight";
				INFOPLIST_KEY_UISupportedInterfaceOrientations_iPhone = "UIInterfaceOrientationPortrait UIInterfaceOrientationLandscapeLeft UIInterfaceOrientationLandscapeRight";
				LD_RUNPATH_SEARCH_PATHS = (
					"$(inherited)",
					"@executable_path/Frameworks",
				);
				MARKETING_VERSION = 1.0;
				PRODUCT_BUNDLE_IDENTIFIER = com.burakacik.BayrakBul;
				PRODUCT_NAME = "$(TARGET_NAME)";
				SWIFT_EMIT_LOC_STRINGS = YES;
				SWIFT_OBJC_BRIDGING_HEADER = "BayrakBul/BayrakBul-Bridging-Header.h";
				SWIFT_OPTIMIZATION_LEVEL = "-Onone";
				SWIFT_VERSION = 5.0;
				TARGETED_DEVICE_FAMILY = 1;
			};
			name = Debug;
		};
		AD4DFCCA2899999E0038FE51 /* Release */ = {
			isa = XCBuildConfiguration;
			buildSettings = {
				ASSETCATALOG_COMPILER_APPICON_NAME = AppIcon;
				ASSETCATALOG_COMPILER_GLOBAL_ACCENT_COLOR_NAME = AccentColor;
				CLANG_ENABLE_MODULES = YES;
				CODE_SIGN_STYLE = Automatic;
				CURRENT_PROJECT_VERSION = 1;
				DEVELOPMENT_TEAM = FN4UH9Z6XK;
				GENERATE_INFOPLIST_FILE = YES;
				INFOPLIST_FILE = BayrakBul/Info.plist;
				INFOPLIST_KEY_UIApplicationSupportsIndirectInputEvents = YES;
				INFOPLIST_KEY_UILaunchStoryboardName = LaunchScreen;
				INFOPLIST_KEY_UIMainStoryboardFile = Main;
				INFOPLIST_KEY_UISupportedInterfaceOrientations = UIInterfaceOrientationPortrait;
				INFOPLIST_KEY_UISupportedInterfaceOrientations_iPad = "UIInterfaceOrientationPortrait UIInterfaceOrientationPortraitUpsideDown UIInterfaceOrientationLandscapeLeft UIInterfaceOrientationLandscapeRight";
				INFOPLIST_KEY_UISupportedInterfaceOrientations_iPhone = "UIInterfaceOrientationPortrait UIInterfaceOrientationLandscapeLeft UIInterfaceOrientationLandscapeRight";
				LD_RUNPATH_SEARCH_PATHS = (
					"$(inherited)",
					"@executable_path/Frameworks",
				);
				MARKETING_VERSION = 1.0;
				PRODUCT_BUNDLE_IDENTIFIER = com.burakacik.BayrakBul;
				PRODUCT_NAME = "$(TARGET_NAME)";
				SWIFT_EMIT_LOC_STRINGS = YES;
				SWIFT_OBJC_BRIDGING_HEADER = "BayrakBul/BayrakBul-Bridging-Header.h";
				SWIFT_VERSION = 5.0;
				TARGETED_DEVICE_FAMILY = 1;
			};
			name = Release;
		};
/* End XCBuildConfiguration section */

/* Begin XCConfigurationList section */
		AD4DFCAF2899999C0038FE51 /* Build configuration list for PBXProject "BayrakBul" */ = {
			isa = XCConfigurationList;
			buildConfigurations = (
				AD4DFCC62899999E0038FE51 /* Debug */,
				AD4DFCC72899999E0038FE51 /* Release */,
			);
			defaultConfigurationIsVisible = 0;
			defaultConfigurationName = Release;
		};
		AD4DFCC82899999E0038FE51 /* Build configuration list for PBXNativeTarget "BayrakBul" */ = {
			isa = XCConfigurationList;
			buildConfigurations = (
				AD4DFCC92899999E0038FE51 /* Debug */,
				AD4DFCCA2899999E0038FE51 /* Release */,
			);
			defaultConfigurationIsVisible = 0;
			defaultConfigurationName = Release;
		};
/* End XCConfigurationList section */
	};
	rootObject = AD4DFCAC2899999C0038FE51 /* Project object */;
}
